PODS:
  - AFNetworking (3.1.0):
    - AFNetworking/NSURLSession (= 3.1.0)
    - AFNetworking/Reachability (= 3.1.0)
    - AFNetworking/Security (= 3.1.0)
    - AFNetworking/Serialization (= 3.1.0)
    - AFNetworking/UIKit (= 3.1.0)
  - AFNetworking/NSURLSession (3.1.0):
    - AFNetworking/Reachability
    - AFNetworking/Security
    - AFNetworking/Serialization
  - AFNetworking/Reachability (3.1.0)
  - AFNetworking/Security (3.1.0)
  - AFNetworking/Serialization (3.1.0)
  - AFNetworking/UIKit (3.1.0):
    - AFNetworking/NSURLSession
  - DACircularProgress (2.3.1)
  - EaseMobSDKFull (2.1.7)
  - EaseUI (1.0.0):
    - MJRefresh (~> 3.0.6)
    - MWPhotoBrowser (~> 2.1.1)
  - HexColors (4.0.0)
  - IQKeyboardManager (4.0.2)
  - JSONModel (1.2.0)
  - KVOController (1.1.0)
  - MagicalRecord (2.3.2):
    - MagicalRecord/Core (= 2.3.2)
  - MagicalRecord/Core (2.3.2)
  - Mantle (2.0.7):
    - Mantle/extobjc (= 2.0.7)
  - Mantle/extobjc (2.0.7)
  - MBProgressHUD (0.9.2)
  - MJRefresh (3.0.8)
  - MOBFoundation (1.5.1)
  - MWPhotoBrowser (2.1.2):
    - DACircularProgress (~> 2.3)
    - MBProgressHUD (~> 0.9)
    - SDWebImage (!= 3.7.2, ~> 3.7)
  - pop (1.0.9)
  - RESideMenu (4.0.7)
  - SDWebImage (3.7.5):
    - SDWebImage/Core (= 3.7.5)
  - SDWebImage/Core (3.7.5)
  - SVProgressHUD (2.0.3)

DEPENDENCIES:
  - AFNetworking
  - EaseMobSDKFull
  - EaseUI (from `https://github.com/easemob/easeui-ios-cocoapods.git`)
  - HexColors
  - IQKeyboardManager
  - JSONModel
  - KVOController
  - MagicalRecord
  - Mantle
  - MOBFoundation
  - pop
  - RESideMenu
  - SDWebImage
  - SVProgressHUD

EXTERNAL SOURCES:
  EaseUI:
    :git: https://github.com/easemob/easeui-ios-cocoapods.git

CHECKOUT OPTIONS:
  EaseUI:
    :commit: e44338798c02115824706370cc87958a358d7c20
    :git: https://github.com/easemob/easeui-ios-cocoapods.git

SPEC CHECKSUMS:
  AFNetworking: 5e0e199f73d8626b11e79750991f5d173d1f8b67
  DACircularProgress: 4dd437c0fc3da5161cb289e07ac449493d41db71
  EaseMobSDKFull: 43858ca9a62bbe1fa4c7c006f944a3e52a4bff48
  EaseUI: d62934d78e680c36d70b281ed31c9195a465a145
  HexColors: 5f95843ef89aff6a72e1fd3a8ebabf205cc43379
  IQKeyboardManager: 2341089c4ae25fa2fa82ce356a259fcd267dc6b6
  JSONModel: 12523685c4b623553ccf844bbbf7007624317b2c
  KVOController: 321b5fc59300fcaabd42c0f679baa7a27efbb2fd
  MagicalRecord: 53bed74b4323b930992a725be713e53b37d19755
  Mantle: bc40bb061d8c2c6fb48d5083e04d928c3b7f73d9
  MBProgressHUD: 1569cf7ace17a8bac47aabfbb8580a49690386d1
  MJRefresh: fafde8f18f4afd66b434331a9beb67a6c0264056
  MOBFoundation: 79efc94db961fe5a08cf32de69166f6a29a3b2b5
  MWPhotoBrowser: 5836d7aa041dc05a13de380c246826578adc5ea5
  pop: f667631a5108a2e60d9e8797c9b32ddaf2080bce
  RESideMenu: f24c508404b49c667344c54aba7e590883533958
  SDWebImage: 69c6303e3348fba97e03f65d65d4fbc26740f461
  SVProgressHUD: b0830714205bea1317ea1a2ebc71e5633af334d4

PODFILE CHECKSUM: 0c30b271ea0256e72621b982ce5425595497823e

COCOAPODS: 1.0.0.rc.1
